// !$*UTF8*$!
{
	archiveVersion = 1;
	classes = {
	};
	objectVersion = 50;
	objects = {

/* Begin PBXGroup section */
		25BF45F025A1F8BF0037DEB1 = {
			isa = PBXGroup;
			children = (
			);
			sourceTree = "<group>";
		};
/* End PBXGroup section */

/* Begin PBXProject section */
		25BF45F125A1F8BF0037DEB1 /* Project object */ = {
			isa = PBXProject;
			attributes = {
				LastUpgradeCheck = 1230;
			};
			buildConfigurationList = 25BF45F425A1F8BF0037DEB1 /* Build configuration list for PBXProject "meraki" */;
			compatibilityVersion = "Xcode 9.3";
			developmentRegion = en;
			hasScannedForEncodings = 0;
			knownRegions = (
				en,
				Base,
			);
			mainGroup = 25BF45F025A1F8BF0037DEB1;
			projectDirPath = "";
			projectRoot = "";
			targets = (
			);
		};
/* End PBXProject section */

/* Begin XCBuildConfiguration section */
		25BF45F525A1F8BF0037DEB1 /* Debug */ = {
			isa = XCBuildConfiguration;
			buildSettings = {
			};
			name = Debug;
		};
		25BF45F625A1F8BF0037DEB1 /* Release */ = {
			isa = XCBuildConfiguration;
			buildSettings = {
			};
			name = Release;
		};
/* End XCBuildConfiguration section */

/* Begin XCConfigurationList section */
		25BF45F425A1F8BF0037DEB1 /* Build configuration list for PBXProject "meraki" */ = {
			isa = XCConfigurationList;
			buildConfigurations = (
				25BF45F525A1F8BF0037DEB1 /* Debug */,
				25BF45F625A1F8BF0037DEB1 /* Release */,
			);
			defaultConfigurationIsVisible = 0;
			defaultConfigurationName = Release;
		};
/* End XCConfigurationList section */
	};
	rootObject = 25BF45F125A1F8BF0037DEB1 /* Project object */;
}
